<?xml version="1.0" encoding="utf-8"?>
<Project ToolsVersion="4.0" xmlns="http://schemas.microsoft.com/developer/msbuild/2003">
  <ItemGroup>
    <Filter Include="Source Files">
      <UniqueIdentifier>{4FC737F1-C7A5-4376-A066-2A32D752A2FF}</UniqueIdentifier>
      <Extensions>cpp;c;cc;cxx;c++;cppm;ixx;def;odl;idl;hpj;bat;asm;asmx</Extensions>
    </Filter>
    <Filter Include="Header Files">
      <UniqueIdentifier>{93995380-89BD-4b04-88EB-625FBE52EBFB}</UniqueIdentifier>
      <Extensions>h;hh;hpp;hxx;h++;hm;inl;inc;ipp;xsd</Extensions>
    </Filter>
    <Filter Include="Resource Files">
      <UniqueIdentifier>{67DA6AB6-F800-4c08-8B7A-83BB121AAD01}</UniqueIdentifier>
      <Extensions>rc;ico;cur;bmp;dlg;rc2;rct;bin;rgs;gif;jpg;jpeg;jpe;resx;tiff;tif;png;wav;mfcribbon-ms</Extensions>
    </Filter>
  </ItemGroup>
  <ItemGroup>
    <ClCompile Include="pch.cpp">
      <Filter>Source Files</Filter>
    </ClCompile>
    <ClCompile Include="UITests.cpp">
      <Filter>Source Files</Filter>
    </ClCompile>
    <ClCompile Include="avr.cpp">
      <Filter>Source Files</Filter>
    </ClCompile>
  </ItemGroup>
  <ItemGroup>
    <ClInclude Include="pch.h">
      <Filter>Header Files</Filter>
    </ClInclude>
    <ClInclude Include="avr.h">
      <Filter>Header Files</Filter>
    </ClInclude>
    <ClInclude Include="TestDisplay.h">
      <Filter>Header Files</Filter>
    </ClInclude>
    <ClInclude Include="Registers.h">
      <Filter>Header Files</Filter>
    </ClInclude>
    <ClInclude Include="include\util\delay.h">
      <Filter>Header Files</Filter>
    </ClInclude>
    <ClInclude Include="include\avr\boot.h">
      <Filter>Header Files</Filter>
    </ClInclude>
    <ClInclude Include="include\avr\builtins.h">
      <Filter>Header Files</Filter>
    </ClInclude>
    <ClInclude Include="include\avr\common.h">
      <Filter>Header Files</Filter>
    </ClInclude>
    <ClInclude Include="include\avr\cpufunc.h">
      <Filter>Header Files</Filter>
    </ClInclude>
    <ClInclude Include="include\avr\crc16.h">
      <Filter>Header Files</Filter>
    </ClInclude>
    <ClInclude Include="include\avr\delay.h">
      <Filter>Header Files</Filter>
    </ClInclude>
    <ClInclude Include="include\avr\eeprom.h">
      <Filter>Header Files</Filter>
    </ClInclude>
    <ClInclude Include="include\avr\fuse.h">
      <Filter>Header Files</Filter>
    </ClInclude>
    <ClInclude Include="include\avr\interrupt.h">
      <Filter>Header Files</Filter>
    </ClInclude>
    <ClInclude Include="include\avr\io.h">
      <Filter>Header Files</Filter>
    </ClInclude>
    <ClInclude Include="include\avr\io43u32x.h">
      <Filter>Header Files</Filter>
    </ClInclude>
    <ClInclude Include="include\avr\io43u35x.h">
      <Filter>Header Files</Filter>
    </ClInclude>
    <ClInclude Include="include\avr\io76c711.h">
      <Filter>Header Files</Filter>
    </ClInclude>
    <ClInclude Include="include\avr\io86r401.h">
      <Filter>Header Files</Filter>
    </ClInclude>
    <ClInclude Include="include\avr\io90pwm1.h">
      <Filter>Header Files</Filter>
    </ClInclude>
    <ClInclude Include="include\avr\io90pwm2b.h">
      <Filter>Header Files</Filter>
    </ClInclude>
    <ClInclude Include="include\avr\io90pwm3b.h">
      <Filter>Header Files</Filter>
    </ClInclude>
    <ClInclude Include="include\avr\io90pwm81.h">
      <Filter>Header Files</Filter>
    </ClInclude>
    <ClInclude Include="include\avr\io90pwm161.h">
      <Filter>Header Files</Filter>
    </ClInclude>
    <ClInclude Include="include\avr\io90pwm216.h">
      <Filter>Header Files</Filter>
    </ClInclude>
    <ClInclude Include="include\avr\io90pwm316.h">
      <Filter>Header Files</Filter>
    </ClInclude>
    <ClInclude Include="include\avr\io90pwmx.h">
      <Filter>Header Files</Filter>
    </ClInclude>
    <ClInclude Include="include\avr\io90scr100.h">
      <Filter>Header Files</Filter>
    </ClInclude>
    <ClInclude Include="include\avr\io1200.h">
      <Filter>Header Files</Filter>
    </ClInclude>
    <ClInclude Include="include\avr\io2313.h">
      <Filter>Header Files</Filter>
    </ClInclude>
    <ClInclude Include="include\avr\io2323.h">
      <Filter>Header Files</Filter>
    </ClInclude>
    <ClInclude Include="include\avr\io2333.h">
      <Filter>Header Files</Filter>
    </ClInclude>
    <ClInclude Include="include\avr\io2343.h">
      <Filter>Header Files</Filter>
    </ClInclude>
    <ClInclude Include="include\avr\io4414.h">
      <Filter>Header Files</Filter>
    </ClInclude>
    <ClInclude Include="include\avr\io4433.h">
      <Filter>Header Files</Filter>
    </ClInclude>
    <ClInclude Include="include\avr\io4434.h">
      <Filter>Header Files</Filter>
    </ClInclude>
    <ClInclude Include="include\avr\io8515.h">
      <Filter>Header Files</Filter>
    </ClInclude>
    <ClInclude Include="include\avr\io8534.h">
      <Filter>Header Files</Filter>
    </ClInclude>
    <ClInclude Include="include\avr\io8535.h">
      <Filter>Header Files</Filter>
    </ClInclude>
    <ClInclude Include="include\avr\ioa5272.h">
      <Filter>Header Files</Filter>
    </ClInclude>
    <ClInclude Include="include\avr\ioa5505.h">
      <Filter>Header Files</Filter>
    </ClInclude>
    <ClInclude Include="include\avr\ioa5702m322.h">
      <Filter>Header Files</Filter>
    </ClInclude>
    <ClInclude Include="include\avr\ioa5782.h">
      <Filter>Header Files</Filter>
    </ClInclude>
    <ClInclude Include="include\avr\ioa5790.h">
      <Filter>Header Files</Filter>
    </ClInclude>
    <ClInclude Include="include\avr\ioa5790n.h">
      <Filter>Header Files</Filter>
    </ClInclude>
    <ClInclude Include="include\avr\ioa5791.h">
      <Filter>Header Files</Filter>
    </ClInclude>
    <ClInclude Include="include\avr\ioa5795.h">
      <Filter>Header Files</Filter>
    </ClInclude>
    <ClInclude Include="include\avr\ioa5831.h">
      <Filter>Header Files</Filter>
    </ClInclude>
    <ClInclude Include="include\avr\ioa6285.h">
      <Filter>Header Files</Filter>
    </ClInclude>
    <ClInclude Include="include\avr\ioa6286.h">
      <Filter>Header Files</Filter>
    </ClInclude>
    <ClInclude Include="include\avr\ioa6289.h">
      <Filter>Header Files</Filter>
    </ClInclude>
    <ClInclude Include="include\avr\ioa6612c.h">
      <Filter>Header Files</Filter>
    </ClInclude>
    <ClInclude Include="include\avr\ioa6613c.h">
      <Filter>Header Files</Filter>
    </ClInclude>
    <ClInclude Include="include\avr\ioa6614q.h">
      <Filter>Header Files</Filter>
    </ClInclude>
    <ClInclude Include="include\avr\ioa6616c.h">
      <Filter>Header Files</Filter>
    </ClInclude>
    <ClInclude Include="include\avr\ioa6617c.h">
      <Filter>Header Files</Filter>
    </ClInclude>
    <ClInclude Include="include\avr\ioa8210.h">
      <Filter>Header Files</Filter>
    </ClInclude>
    <ClInclude Include="include\avr\ioa8510.h">
      <Filter>Header Files</Filter>
    </ClInclude>
    <ClInclude Include="include\avr\ioa664251.h">
      <Filter>Header Files</Filter>
    </ClInclude>
    <ClInclude Include="include\avr\ioat94k.h">
      <Filter>Header Files</Filter>
    </ClInclude>
    <ClInclude Include="include\avr\iocan32.h">
      <Filter>Header Files</Filter>
    </ClInclude>
    <ClInclude Include="include\avr\iocan64.h">
      <Filter>Header Files</Filter>
    </ClInclude>
    <ClInclude Include="include\avr\iocan128.h">
      <Filter>Header Files</Filter>
    </ClInclude>
    <ClInclude Include="include\avr\iocanxx.h">
      <Filter>Header Files</Filter>
    </ClInclude>
    <ClInclude Include="include\avr\iom8.h">
      <Filter>Header Files</Filter>
    </ClInclude>
    <ClInclude Include="include\avr\iom8a.h">
      <Filter>Header Files</Filter>
    </ClInclude>
    <ClInclude Include="include\avr\iom8hva.h">
      <Filter>Header Files</Filter>
    </ClInclude>
    <ClInclude Include="include\avr\iom8u2.h">
      <Filter>Header Files</Filter>
    </ClInclude>
    <ClInclude Include="include\avr\iom16.h">
      <Filter>Header Files</Filter>
    </ClInclude>
    <ClInclude Include="include\avr\iom16a.h">
      <Filter>Header Files</Filter>
    </ClInclude>
    <ClInclude Include="include\avr\iom16hva.h">
      <Filter>Header Files</Filter>
    </ClInclude>
    <ClInclude Include="include\avr\iom16hva2.h">
      <Filter>Header Files</Filter>
    </ClInclude>
    <ClInclude Include="include\avr\iom16hvb.h">
      <Filter>Header Files</Filter>
    </ClInclude>
    <ClInclude Include="include\avr\iom16hvbrevb.h">
      <Filter>Header Files</Filter>
    </ClInclude>
    <ClInclude Include="include\avr\iom16m1.h">
      <Filter>Header Files</Filter>
    </ClInclude>
    <ClInclude Include="include\avr\iom16u2.h">
      <Filter>Header Files</Filter>
    </ClInclude>
    <ClInclude Include="include\avr\iom16u4.h">
      <Filter>Header Files</Filter>
    </ClInclude>
    <ClInclude Include="include\avr\iom32.h">
      <Filter>Header Files</Filter>
    </ClInclude>
    <ClInclude Include="include\avr\iom32a.h">
      <Filter>Header Files</Filter>
    </ClInclude>
    <ClInclude Include="include\avr\iom32c1.h">
      <Filter>Header Files</Filter>
    </ClInclude>
    <ClInclude Include="include\avr\iom32hvb.h">
      <Filter>Header Files</Filter>
    </ClInclude>
    <ClInclude Include="include\avr\iom32hvbrevb.h">
      <Filter>Header Files</Filter>
    </ClInclude>
    <ClInclude Include="include\avr\iom32m1.h">
      <Filter>Header Files</Filter>
    </ClInclude>
    <ClInclude Include="include\avr\iom32u2.h">
      <Filter>Header Files</Filter>
    </ClInclude>
    <ClInclude Include="include\avr\iom32u4.h">
      <Filter>Header Files</Filter>
    </ClInclude>
    <ClInclude Include="include\avr\iom32u6.h">
      <Filter>Header Files</Filter>
    </ClInclude>
    <ClInclude Include="include\avr\iom48.h">
      <Filter>Header Files</Filter>
    </ClInclude>
    <ClInclude Include="include\avr\iom48a.h">
      <Filter>Header Files</Filter>
    </ClInclude>
    <ClInclude Include="include\avr\iom48p.h">
      <Filter>Header Files</Filter>
    </ClInclude>
    <ClInclude Include="include\avr\iom48pa.h">
      <Filter>Header Files</Filter>
    </ClInclude>
    <ClInclude Include="include\avr\iom48pb.h">
      <Filter>Header Files</Filter>
    </ClInclude>
    <ClInclude Include="include\avr\iom64.h">
      <Filter>Header Files</Filter>
    </ClInclude>
    <ClInclude Include="include\avr\iom64a.h">
      <Filter>Header Files</Filter>
    </ClInclude>
    <ClInclude Include="include\avr\iom64c1.h">
      <Filter>Header Files</Filter>
    </ClInclude>
    <ClInclude Include="include\avr\iom64hve.h">
      <Filter>Header Files</Filter>
    </ClInclude>
    <ClInclude Include="include\avr\iom64hve2.h">
      <Filter>Header Files</Filter>
    </ClInclude>
    <ClInclude Include="include\avr\iom64m1.h">
      <Filter>Header Files</Filter>
    </ClInclude>
    <ClInclude Include="include\avr\iom64rfr2.h">
      <Filter>Header Files</Filter>
    </ClInclude>
    <ClInclude Include="include\avr\iom88.h">
      <Filter>Header Files</Filter>
    </ClInclude>
    <ClInclude Include="include\avr\iom88a.h">
      <Filter>Header Files</Filter>
    </ClInclude>
    <ClInclude Include="include\avr\iom88p.h">
      <Filter>Header Files</Filter>
    </ClInclude>
    <ClInclude Include="include\avr\iom88pa.h">
      <Filter>Header Files</Filter>
    </ClInclude>
    <ClInclude Include="include\avr\iom88pb.h">
      <Filter>Header Files</Filter>
    </ClInclude>
    <ClInclude Include="include\avr\iom103.h">
      <Filter>Header Files</Filter>
    </ClInclude>
    <ClInclude Include="include\avr\iom128.h">
      <Filter>Header Files</Filter>
    </ClInclude>
    <ClInclude Include="include\avr\iom128a.h">
      <Filter>Header Files</Filter>
    </ClInclude>
    <ClInclude Include="include\avr\iom128rfa1.h">
      <Filter>Header Files</Filter>
    </ClInclude>
    <ClInclude Include="include\avr\iom128rfr2.h">
      <Filter>Header Files</Filter>
    </ClInclude>
    <ClInclude Include="include\avr\iom161.h">
      <Filter>Header Files</Filter>
    </ClInclude>
    <ClInclude Include="include\avr\iom162.h">
      <Filter>Header Files</Filter>
    </ClInclude>
    <ClInclude Include="include\avr\iom163.h">
      <Filter>Header Files</Filter>
    </ClInclude>
    <ClInclude Include="include\avr\iom164.h">
      <Filter>Header Files</Filter>
    </ClInclude>
    <ClInclude Include="include\avr\iom164a.h">
      <Filter>Header Files</Filter>
    </ClInclude>
    <ClInclude Include="include\avr\iom164p.h">
      <Filter>Header Files</Filter>
    </ClInclude>
    <ClInclude Include="include\avr\iom164pa.h">
      <Filter>Header Files</Filter>
    </ClInclude>
    <ClInclude Include="include\avr\iom165.h">
      <Filter>Header Files</Filter>
    </ClInclude>
    <ClInclude Include="include\avr\iom165a.h">
      <Filter>Header Files</Filter>
    </ClInclude>
    <ClInclude Include="include\avr\iom165p.h">
      <Filter>Header Files</Filter>
    </ClInclude>
    <ClInclude Include="include\avr\iom165pa.h">
      <Filter>Header Files</Filter>
    </ClInclude>
    <ClInclude Include="include\avr\iom168.h">
      <Filter>Header Files</Filter>
    </ClInclude>
    <ClInclude Include="include\avr\iom168a.h">
      <Filter>Header Files</Filter>
    </ClInclude>
    <ClInclude Include="include\avr\iom168p.h">
      <Filter>Header Files</Filter>
    </ClInclude>
    <ClInclude Include="include\avr\iom168pa.h">
      <Filter>Header Files</Filter>
    </ClInclude>
    <ClInclude Include="include\avr\iom168pb.h">
      <Filter>Header Files</Filter>
    </ClInclude>
    <ClInclude Include="include\avr\iom169.h">
      <Filter>Header Files</Filter>
    </ClInclude>
    <ClInclude Include="include\avr\iom169a.h">
      <Filter>Header Files</Filter>
    </ClInclude>
    <ClInclude Include="include\avr\iom169p.h">
      <Filter>Header Files</Filter>
    </ClInclude>
    <ClInclude Include="include\avr\iom169pa.h">
      <Filter>Header Files</Filter>
    </ClInclude>
    <ClInclude Include="include\avr\iom256rfr2.h">
      <Filter>Header Files</Filter>
    </ClInclude>
    <ClInclude Include="include\avr\iom323.h">
      <Filter>Header Files</Filter>
    </ClInclude>
    <ClInclude Include="include\avr\iom324a.h">
      <Filter>Header Files</Filter>
    </ClInclude>
    <ClInclude Include="include\avr\iom324p.h">
      <Filter>Header Files</Filter>
    </ClInclude>
    <ClInclude Include="include\avr\iom324pa.h">
      <Filter>Header Files</Filter>
    </ClInclude>
    <ClInclude Include="include\avr\iom325.h">
      <Filter>Header Files</Filter>
    </ClInclude>
    <ClInclude Include="include\avr\iom325a.h">
      <Filter>Header Files</Filter>
    </ClInclude>
    <ClInclude Include="include\avr\iom325p.h">
      <Filter>Header Files</Filter>
    </ClInclude>
    <ClInclude Include="include\avr\iom325pa.h">
      <Filter>Header Files</Filter>
    </ClInclude>
    <ClInclude Include="include\avr\iom328.h">
      <Filter>Header Files</Filter>
    </ClInclude>
    <ClInclude Include="include\avr\iom328p.h">
      <Filter>Header Files</Filter>
    </ClInclude>
    <ClInclude Include="include\avr\iom329.h">
      <Filter>Header Files</Filter>
    </ClInclude>
    <ClInclude Include="include\avr\iom329a.h">
      <Filter>Header Files</Filter>
    </ClInclude>
    <ClInclude Include="include\avr\iom329p.h">
      <Filter>Header Files</Filter>
    </ClInclude>
    <ClInclude Include="include\avr\iom329pa.h">
      <Filter>Header Files</Filter>
    </ClInclude>
    <ClInclude Include="include\avr\iom406.h">
      <Filter>Header Files</Filter>
    </ClInclude>
    <ClInclude Include="include\avr\iom640.h">
      <Filter>Header Files</Filter>
    </ClInclude>
    <ClInclude Include="include\avr\iom644.h">
      <Filter>Header Files</Filter>
    </ClInclude>
    <ClInclude Include="include\avr\iom644a.h">
      <Filter>Header Files</Filter>
    </ClInclude>
    <ClInclude Include="include\avr\iom644p.h">
      <Filter>Header Files</Filter>
    </ClInclude>
    <ClInclude Include="include\avr\iom644pa.h">
      <Filter>Header Files</Filter>
    </ClInclude>
    <ClInclude Include="include\avr\iom644rfr2.h">
      <Filter>Header Files</Filter>
    </ClInclude>
    <ClInclude Include="include\avr\iom645.h">
      <Filter>Header Files</Filter>
    </ClInclude>
    <ClInclude Include="include\avr\iom645a.h">
      <Filter>Header Files</Filter>
    </ClInclude>
    <ClInclude Include="include\avr\iom645p.h">
      <Filter>Header Files</Filter>
    </ClInclude>
    <ClInclude Include="include\avr\iom649.h">
      <Filter>Header Files</Filter>
    </ClInclude>
    <ClInclude Include="include\avr\iom649a.h">
      <Filter>Header Files</Filter>
    </ClInclude>
    <ClInclude Include="include\avr\iom649p.h">
      <Filter>Header Files</Filter>
    </ClInclude>
    <ClInclude Include="include\avr\iom1280.h">
      <Filter>Header Files</Filter>
    </ClInclude>
    <ClInclude Include="include\avr\iom1281.h">
      <Filter>Header Files</Filter>
    </ClInclude>
    <ClInclude Include="include\avr\iom1284.h">
      <Filter>Header Files</Filter>
    </ClInclude>
    <ClInclude Include="include\avr\iom1284p.h">
      <Filter>Header Files</Filter>
    </ClInclude>
    <ClInclude Include="include\avr\iom1284rfr2.h">
      <Filter>Header Files</Filter>
    </ClInclude>
    <ClInclude Include="include\avr\iom2560.h">
      <Filter>Header Files</Filter>
    </ClInclude>
    <ClInclude Include="include\avr\iom2561.h">
      <Filter>Header Files</Filter>
    </ClInclude>
    <ClInclude Include="include\avr\iom2564rfr2.h">
      <Filter>Header Files</Filter>
    </ClInclude>
    <ClInclude Include="include\avr\iom3000.h">
      <Filter>Header Files</Filter>
    </ClInclude>
    <ClInclude Include="include\avr\iom3250.h">
      <Filter>Header Files</Filter>
    </ClInclude>
    <ClInclude Include="include\avr\iom3250a.h">
      <Filter>Header Files</Filter>
    </ClInclude>
    <ClInclude Include="include\avr\iom3250p.h">
      <Filter>Header Files</Filter>
    </ClInclude>
    <ClInclude Include="include\avr\iom3250pa.h">
      <Filter>Header Files</Filter>
    </ClInclude>
    <ClInclude Include="include\avr\iom3290.h">
      <Filter>Header Files</Filter>
    </ClInclude>
    <ClInclude Include="include\avr\iom3290a.h">
      <Filter>Header Files</Filter>
    </ClInclude>
    <ClInclude Include="include\avr\iom3290pa.h">
      <Filter>Header Files</Filter>
    </ClInclude>
    <ClInclude Include="include\avr\iom6450.h">
      <Filter>Header Files</Filter>
    </ClInclude>
    <ClInclude Include="include\avr\iom6450a.h">
      <Filter>Header Files</Filter>
    </ClInclude>
    <ClInclude Include="include\avr\iom6450p.h">
      <Filter>Header Files</Filter>
    </ClInclude>
    <ClInclude Include="include\avr\iom6490.h">
      <Filter>Header Files</Filter>
    </ClInclude>
    <ClInclude Include="include\avr\iom6490a.h">
      <Filter>Header Files</Filter>
    </ClInclude>
    <ClInclude Include="include\avr\iom6490p.h">
      <Filter>Header Files</Filter>
    </ClInclude>
    <ClInclude Include="include\avr\iom8515.h">
      <Filter>Header Files</Filter>
    </ClInclude>
    <ClInclude Include="include\avr\iom8535.h">
      <Filter>Header Files</Filter>
    </ClInclude>
    <ClInclude Include="include\avr\iomx8.h">
      <Filter>Header Files</Filter>
    </ClInclude>
    <ClInclude Include="include\avr\iomxx0_1.h">
      <Filter>Header Files</Filter>
    </ClInclude>
    <ClInclude Include="include\avr\iomxx4.h">
      <Filter>Header Files</Filter>
    </ClInclude>
    <ClInclude Include="include\avr\iomxxhva.h">
      <Filter>Header Files</Filter>
    </ClInclude>
    <ClInclude Include="include\avr\iotn4.h">
      <Filter>Header Files</Filter>
    </ClInclude>
    <ClInclude Include="include\avr\iotn5.h">
      <Filter>Header Files</Filter>
    </ClInclude>
    <ClInclude Include="include\avr\iotn9.h">
      <Filter>Header Files</Filter>
    </ClInclude>
    <ClInclude Include="include\avr\iotn10.h">
      <Filter>Header Files</Filter>
    </ClInclude>
    <ClInclude Include="include\avr\iotn11.h">
      <Filter>Header Files</Filter>
    </ClInclude>
    <ClInclude Include="include\avr\iotn12.h">
      <Filter>Header Files</Filter>
    </ClInclude>
    <ClInclude Include="include\avr\iotn13.h">
      <Filter>Header Files</Filter>
    </ClInclude>
    <ClInclude Include="include\avr\iotn13a.h">
      <Filter>Header Files</Filter>
    </ClInclude>
    <ClInclude Include="include\avr\iotn15.h">
      <Filter>Header Files</Filter>
    </ClInclude>
    <ClInclude Include="include\avr\iotn20.h">
      <Filter>Header Files</Filter>
    </ClInclude>
    <ClInclude Include="include\avr\iotn22.h">
      <Filter>Header Files</Filter>
    </ClInclude>
    <ClInclude Include="include\avr\iotn24.h">
      <Filter>Header Files</Filter>
    </ClInclude>
    <ClInclude Include="include\avr\iotn24a.h">
      <Filter>Header Files</Filter>
    </ClInclude>
    <ClInclude Include="include\avr\iotn25.h">
      <Filter>Header Files</Filter>
    </ClInclude>
    <ClInclude Include="include\avr\iotn26.h">
      <Filter>Header Files</Filter>
    </ClInclude>
    <ClInclude Include="include\avr\iotn28.h">
      <Filter>Header Files</Filter>
    </ClInclude>
    <ClInclude Include="include\avr\iotn40.h">
      <Filter>Header Files</Filter>
    </ClInclude>
    <ClInclude Include="include\avr\iotn43u.h">
      <Filter>Header Files</Filter>
    </ClInclude>
    <ClInclude Include="include\avr\iotn44.h">
      <Filter>Header Files</Filter>
    </ClInclude>
    <ClInclude Include="include\avr\iotn44a.h">
      <Filter>Header Files</Filter>
    </ClInclude>
    <ClInclude Include="include\avr\iotn45.h">
      <Filter>Header Files</Filter>
    </ClInclude>
    <ClInclude Include="include\avr\iotn48.h">
      <Filter>Header Files</Filter>
    </ClInclude>
    <ClInclude Include="include\avr\iotn84.h">
      <Filter>Header Files</Filter>
    </ClInclude>
    <ClInclude Include="include\avr\iotn84a.h">
      <Filter>Header Files</Filter>
    </ClInclude>
    <ClInclude Include="include\avr\iotn85.h">
      <Filter>Header Files</Filter>
    </ClInclude>
    <ClInclude Include="include\avr\iotn87.h">
      <Filter>Header Files</Filter>
    </ClInclude>
    <ClInclude Include="include\avr\iotn88.h">
      <Filter>Header Files</Filter>
    </ClInclude>
    <ClInclude Include="include\avr\iotn167.h">
      <Filter>Header Files</Filter>
    </ClInclude>
    <ClInclude Include="include\avr\iotn261.h">
      <Filter>Header Files</Filter>
    </ClInclude>
    <ClInclude Include="include\avr\iotn261a.h">
      <Filter>Header Files</Filter>
    </ClInclude>
    <ClInclude Include="include\avr\iotn441.h">
      <Filter>Header Files</Filter>
    </ClInclude>
    <ClInclude Include="include\avr\iotn461.h">
      <Filter>Header Files</Filter>
    </ClInclude>
    <ClInclude Include="include\avr\iotn461a.h">
      <Filter>Header Files</Filter>
    </ClInclude>
    <ClInclude Include="include\avr\iotn828.h">
      <Filter>Header Files</Filter>
    </ClInclude>
    <ClInclude Include="include\avr\iotn841.h">
      <Filter>Header Files</Filter>
    </ClInclude>
    <ClInclude Include="include\avr\iotn861.h">
      <Filter>Header Files</Filter>
    </ClInclude>
    <ClInclude Include="include\avr\iotn861a.h">
      <Filter>Header Files</Filter>
    </ClInclude>
    <ClInclude Include="include\avr\iotn1634.h">
      <Filter>Header Files</Filter>
    </ClInclude>
    <ClInclude Include="include\avr\iotn2313.h">
      <Filter>Header Files</Filter>
    </ClInclude>
    <ClInclude Include="include\avr\iotn2313a.h">
      <Filter>Header Files</Filter>
    </ClInclude>
    <ClInclude Include="include\avr\iotn4313.h">
      <Filter>Header Files</Filter>
    </ClInclude>
    <ClInclude Include="include\avr\iotnx4.h">
      <Filter>Header Files</Filter>
    </ClInclude>
    <ClInclude Include="include\avr\iotnx5.h">
      <Filter>Header Files</Filter>
    </ClInclude>
    <ClInclude Include="include\avr\iotnx61.h">
      <Filter>Header Files</Filter>
    </ClInclude>
    <ClInclude Include="include\avr\iousb82.h">
      <Filter>Header Files</Filter>
    </ClInclude>
    <ClInclude Include="include\avr\iousb162.h">
      <Filter>Header Files</Filter>
    </ClInclude>
    <ClInclude Include="include\avr\iousb646.h">
      <Filter>Header Files</Filter>
    </ClInclude>
    <ClInclude Include="include\avr\iousb647.h">
      <Filter>Header Files</Filter>
    </ClInclude>
    <ClInclude Include="include\avr\iousb1286.h">
      <Filter>Header Files</Filter>
    </ClInclude>
    <ClInclude Include="include\avr\iousb1287.h">
      <Filter>Header Files</Filter>
    </ClInclude>
    <ClInclude Include="include\avr\iousbxx2.h">
      <Filter>Header Files</Filter>
    </ClInclude>
    <ClInclude Include="include\avr\iousbxx6_7.h">
      <Filter>Header Files</Filter>
    </ClInclude>
    <ClInclude Include="include\avr\iox8e5.h">
      <Filter>Header Files</Filter>
    </ClInclude>
    <ClInclude Include="include\avr\iox16a4.h">
      <Filter>Header Files</Filter>
    </ClInclude>
    <ClInclude Include="include\avr\iox16a4u.h">
      <Filter>Header Files</Filter>
    </ClInclude>
    <ClInclude Include="include\avr\iox16c4.h">
      <Filter>Header Files</Filter>
    </ClInclude>
    <ClInclude Include="include\avr\iox16d4.h">
      <Filter>Header Files</Filter>
    </ClInclude>
    <ClInclude Include="include\avr\iox16e5.h">
      <Filter>Header Files</Filter>
    </ClInclude>
    <ClInclude Include="include\avr\iox32a4.h">
      <Filter>Header Files</Filter>
    </ClInclude>
    <ClInclude Include="include\avr\iox32a4u.h">
      <Filter>Header Files</Filter>
    </ClInclude>
    <ClInclude Include="include\avr\iox32c3.h">
      <Filter>Header Files</Filter>
    </ClInclude>
    <ClInclude Include="include\avr\iox32c4.h">
      <Filter>Header Files</Filter>
    </ClInclude>
    <ClInclude Include="include\avr\iox32d3.h">
      <Filter>Header Files</Filter>
    </ClInclude>
    <ClInclude Include="include\avr\iox32d4.h">
      <Filter>Header Files</Filter>
    </ClInclude>
    <ClInclude Include="include\avr\iox32e5.h">
      <Filter>Header Files</Filter>
    </ClInclude>
    <ClInclude Include="include\avr\iox64a1.h">
      <Filter>Header Files</Filter>
    </ClInclude>
    <ClInclude Include="include\avr\iox64a1u.h">
      <Filter>Header Files</Filter>
    </ClInclude>
    <ClInclude Include="include\avr\iox64a3.h">
      <Filter>Header Files</Filter>
    </ClInclude>
    <ClInclude Include="include\avr\iox64a3u.h">
      <Filter>Header Files</Filter>
    </ClInclude>
    <ClInclude Include="include\avr\iox64a4u.h">
      <Filter>Header Files</Filter>
    </ClInclude>
    <ClInclude Include="include\avr\iox64b1.h">
      <Filter>Header Files</Filter>
    </ClInclude>
    <ClInclude Include="include\avr\iox64b3.h">
      <Filter>Header Files</Filter>
    </ClInclude>
    <ClInclude Include="include\avr\iox64c3.h">
      <Filter>Header Files</Filter>
    </ClInclude>
    <ClInclude Include="include\avr\iox64d3.h">
      <Filter>Header Files</Filter>
    </ClInclude>
    <ClInclude Include="include\avr\iox64d4.h">
      <Filter>Header Files</Filter>
    </ClInclude>
    <ClInclude Include="include\avr\iox128a1.h">
      <Filter>Header Files</Filter>
    </ClInclude>
    <ClInclude Include="include\avr\iox128a1u.h">
      <Filter>Header Files</Filter>
    </ClInclude>
    <ClInclude Include="include\avr\iox128a3.h">
      <Filter>Header Files</Filter>
    </ClInclude>
    <ClInclude Include="include\avr\iox128a3u.h">
      <Filter>Header Files</Filter>
    </ClInclude>
    <ClInclude Include="include\avr\iox128a4u.h">
      <Filter>Header Files</Filter>
    </ClInclude>
    <ClInclude Include="include\avr\iox128b1.h">
      <Filter>Header Files</Filter>
    </ClInclude>
    <ClInclude Include="include\avr\iox128b3.h">
      <Filter>Header Files</Filter>
    </ClInclude>
    <ClInclude Include="include\avr\iox128c3.h">
      <Filter>Header Files</Filter>
    </ClInclude>
    <ClInclude Include="include\avr\iox128d3.h">
      <Filter>Header Files</Filter>
    </ClInclude>
    <ClInclude Include="include\avr\iox128d4.h">
      <Filter>Header Files</Filter>
    </ClInclude>
    <ClInclude Include="include\avr\iox192a3.h">
      <Filter>Header Files</Filter>
    </ClInclude>
    <ClInclude Include="include\avr\iox192a3u.h">
      <Filter>Header Files</Filter>
    </ClInclude>
    <ClInclude Include="include\avr\iox192c3.h">
      <Filter>Header Files</Filter>
    </ClInclude>
    <ClInclude Include="include\avr\iox192d3.h">
      <Filter>Header Files</Filter>
    </ClInclude>
    <ClInclude Include="include\avr\iox256a3.h">
      <Filter>Header Files</Filter>
    </ClInclude>
    <ClInclude Include="include\avr\iox256a3b.h">
      <Filter>Header Files</Filter>
    </ClInclude>
    <ClInclude Include="include\avr\iox256a3bu.h">
      <Filter>Header Files</Filter>
    </ClInclude>
    <ClInclude Include="include\avr\iox256a3u.h">
      <Filter>Header Files</Filter>
    </ClInclude>
    <ClInclude Include="include\avr\iox256c3.h">
      <Filter>Header Files</Filter>
    </ClInclude>
    <ClInclude Include="include\avr\iox256d3.h">
      <Filter>Header Files</Filter>
    </ClInclude>
    <ClInclude Include="include\avr\iox384c3.h">
      <Filter>Header Files</Filter>
    </ClInclude>
    <ClInclude Include="include\avr\iox384d3.h">
      <Filter>Header Files</Filter>
    </ClInclude>
    <ClInclude Include="include\avr\lock.h">
      <Filter>Header Files</Filter>
    </ClInclude>
    <ClInclude Include="include\avr\parity.h">
      <Filter>Header Files</Filter>
    </ClInclude>
    <ClInclude Include="include\avr\pgmspace.h">
      <Filter>Header Files</Filter>
    </ClInclude>
    <ClInclude Include="include\avr\portpins.h">
      <Filter>Header Files</Filter>
    </ClInclude>
    <ClInclude Include="include\avr\power.h">
      <Filter>Header Files</Filter>
    </ClInclude>
    <ClInclude Include="include\avr\sfr_defs.h">
      <Filter>Header Files</Filter>
    </ClInclude>
    <ClInclude Include="include\avr\signal.h">
      <Filter>Header Files</Filter>
    </ClInclude>
    <ClInclude Include="include\avr\signature.h">
      <Filter>Header Files</Filter>
    </ClInclude>
    <ClInclude Include="include\avr\sleep.h">
      <Filter>Header Files</Filter>
    </ClInclude>
    <ClInclude Include="include\avr\version.h">
      <Filter>Header Files</Filter>
    </ClInclude>
    <ClInclude Include="include\avr\wdt.h">
      <Filter>Header Files</Filter>
    </ClInclude>
    <ClInclude Include="include\avr\xmega.h">
      <Filter>Header Files</Filter>
    </ClInclude>
  </ItemGroup>
</Project>